
Microsoft Visual Studio Solution File, Format Version 12.00
# Visual Studio 15
VisualStudioVersion = 15.0.27004.2005
MinimumVisualStudioVersion = 10.0.40219.1
Project("{FAE04EC0-301F-11D3-BF4B-00C04F79EFBC}") = "SantaClausManagement", "SantaClausManagement\SantaClausManagement.csproj", "{68082717-1477-4DD3-9A61-1E627DE5FF3A}"
EndProject
Project("{FAE04EC0-301F-11D3-BF4B-00C04F79EFBC}") = "SantaClausManagement.Tests", "SantaClausManagement.Tests\SantaClausManagement.Tests.csproj", "{F410ECF1-B48A-467B-8091-A8C2984BE12E}"
EndProject
Global
	GlobalSection(SolutionConfigurationPlatforms) = preSolution
		Debug|Any CPU = Debug|Any CPU
		Release|Any CPU = Release|Any CPU
	EndGlobalSection
	GlobalSection(ProjectConfigurationPlatforms) = postSolution
		{68082717-1477-4DD3-9A61-1E627DE5FF3A}.Debug|Any CPU.ActiveCfg = Debug|Any CPU
		{68082717-1477-4DD3-9A61-1E627DE5FF3A}.Debug|Any CPU.Build.0 = Debug|Any CPU
		{68082717-1477-4DD3-9A61-1E627DE5FF3A}.Release|Any CPU.ActiveCfg = Release|Any CPU
		{68082717-1477-4DD3-9A61-1E627DE5FF3A}.Release|Any CPU.Build.0 = Release|Any CPU
		{F410ECF1-B48A-467B-8091-A8C2984BE12E}.Debug|Any CPU.ActiveCfg = Debug|Any CPU
		{F410ECF1-B48A-467B-8091-A8C2984BE12E}.Debug|Any CPU.Build.0 = Debug|Any CPU
		{F410ECF1-B48A-467B-8091-A8C2984BE12E}.Release|Any CPU.ActiveCfg = Release|Any CPU
		{F410ECF1-B48A-467B-8091-A8C2984BE12E}.Release|Any CPU.Build.0 = Release|Any CPU
	EndGlobalSection
	GlobalSection(SolutionProperties) = preSolution
		HideSolutionNode = FALSE
	EndGlobalSection
	GlobalSection(ExtensibilityGlobals) = postSolution
		SolutionGuid = {4C8AD46A-1648-4784-8417-9C7ED69B5973}
	EndGlobalSection
EndGlobal
