
Microsoft Visual Studio Solution File, Format Version 12.00
# Visual Studio 15
VisualStudioVersion = 15.0.27004.2005
MinimumVisualStudioVersion = 10.0.40219.1
Project("{FAE04EC0-301F-11D3-BF4B-00C04F79EFBC}") = "SantaClausManagement", "SantaClausManagement\SantaClausManagement.csproj", "{A5A569BF-1DC4-4226-AD26-C762BC7CE9CA}"
EndProject
Project("{FAE04EC0-301F-11D3-BF4B-00C04F79EFBC}") = "SantaClausManagement.Util", "SantaClausManagement.Util\SantaClausManagement.Util.csproj", "{B39C1005-733E-46E0-8C54-80B39F107FF9}"
EndProject
Project("{FAE04EC0-301F-11D3-BF4B-00C04F79EFBC}") = "SantaClausManagement.Util.Tests", "SantaClausManagement.Util.Tests\SantaClausManagement.Util.Tests.csproj", "{ED406021-A3AA-44C3-9854-B0B42585D5BE}"
EndProject
Global
	GlobalSection(SolutionConfigurationPlatforms) = preSolution
		Debug|Any CPU = Debug|Any CPU
		Release|Any CPU = Release|Any CPU
	EndGlobalSection
	GlobalSection(ProjectConfigurationPlatforms) = postSolution
		{A5A569BF-1DC4-4226-AD26-C762BC7CE9CA}.Debug|Any CPU.ActiveCfg = Debug|Any CPU
		{A5A569BF-1DC4-4226-AD26-C762BC7CE9CA}.Debug|Any CPU.Build.0 = Debug|Any CPU
		{A5A569BF-1DC4-4226-AD26-C762BC7CE9CA}.Release|Any CPU.ActiveCfg = Release|Any CPU
		{A5A569BF-1DC4-4226-AD26-C762BC7CE9CA}.Release|Any CPU.Build.0 = Release|Any CPU
		{B39C1005-733E-46E0-8C54-80B39F107FF9}.Debug|Any CPU.ActiveCfg = Debug|Any CPU
		{B39C1005-733E-46E0-8C54-80B39F107FF9}.Debug|Any CPU.Build.0 = Debug|Any CPU
		{B39C1005-733E-46E0-8C54-80B39F107FF9}.Release|Any CPU.ActiveCfg = Release|Any CPU
		{B39C1005-733E-46E0-8C54-80B39F107FF9}.Release|Any CPU.Build.0 = Release|Any CPU
		{ED406021-A3AA-44C3-9854-B0B42585D5BE}.Debug|Any CPU.ActiveCfg = Debug|Any CPU
		{ED406021-A3AA-44C3-9854-B0B42585D5BE}.Debug|Any CPU.Build.0 = Debug|Any CPU
		{ED406021-A3AA-44C3-9854-B0B42585D5BE}.Release|Any CPU.ActiveCfg = Release|Any CPU
		{ED406021-A3AA-44C3-9854-B0B42585D5BE}.Release|Any CPU.Build.0 = Release|Any CPU
	EndGlobalSection
	GlobalSection(SolutionProperties) = preSolution
		HideSolutionNode = FALSE
	EndGlobalSection
	GlobalSection(ExtensibilityGlobals) = postSolution
		SolutionGuid = {4C8AD46A-1648-4784-8417-9C7ED69B5973}
	EndGlobalSection
EndGlobal
